
Microsoft Visual Studio Solution File, Format Version 12.00
Project("{FAE04EC0-301F-11D3-BF4B-00C04F79EFBC}") = "Calculations", "Calculations\Calculations.csproj", "{8561456E-6CC3-40DA-9180-633F234F00EA}"
EndProject
Project("{FAE04EC0-301F-11D3-BF4B-00C04F79EFBC}") = "CalculationsTest", "CalculationsTest\CalculationsTest.csproj", "{8AFD1567-9B9E-41C0-98AA-2CEFA81C86F8}"
EndProject
Global
	GlobalSection(SolutionConfigurationPlatforms) = preSolution
		Debug|Any CPU = Debug|Any CPU
		Release|Any CPU = Release|Any CPU
	EndGlobalSection
	GlobalSection(ProjectConfigurationPlatforms) = postSolution
		{8561456E-6CC3-40DA-9180-633F234F00EA}.Debug|Any CPU.ActiveCfg = Debug|Any CPU
		{8561456E-6CC3-40DA-9180-633F234F00EA}.Debug|Any CPU.Build.0 = Debug|Any CPU
		{8561456E-6CC3-40DA-9180-633F234F00EA}.Release|Any CPU.ActiveCfg = Release|Any CPU
		{8561456E-6CC3-40DA-9180-633F234F00EA}.Release|Any CPU.Build.0 = Release|Any CPU
		{8AFD1567-9B9E-41C0-98AA-2CEFA81C86F8}.Debug|Any CPU.ActiveCfg = Debug|Any CPU
		{8AFD1567-9B9E-41C0-98AA-2CEFA81C86F8}.Debug|Any CPU.Build.0 = Debug|Any CPU
		{8AFD1567-9B9E-41C0-98AA-2CEFA81C86F8}.Release|Any CPU.ActiveCfg = Release|Any CPU
		{8AFD1567-9B9E-41C0-98AA-2CEFA81C86F8}.Release|Any CPU.Build.0 = Release|Any CPU
	EndGlobalSection
EndGlobal
